// !$*UTF8*$!
{
	archiveVersion = 1;
	classes = {
	};
	objectVersion = 55;
	objects = {

/* Begin PBXBuildFile section */
		2539488029FD37640004D086 /* LeoNetworking.docc in Sources */ = {isa = PBXBuildFile; fileRef = 2539487F29FD37640004D086 /* LeoNetworking.docc */; };
		2539488629FD37640004D086 /* LeoNetworking.framework in Frameworks */ = {isa = PBXBuildFile; fileRef = 2539487B29FD37640004D086 /* LeoNetworking.framework */; };
		2539488B29FD37640004D086 /* LeoNetworkingTests.swift in Sources */ = {isa = PBXBuildFile; fileRef = 2539488A29FD37640004D086 /* LeoNetworkingTests.swift */; };
		2539488C29FD37640004D086 /* LeoNetworking.h in Headers */ = {isa = PBXBuildFile; fileRef = 2539487E29FD37640004D086 /* LeoNetworking.h */; settings = {ATTRIBUTES = (Public, ); }; };
		2539489729FD41590004D086 /* HTTPHeader.swift in Sources */ = {isa = PBXBuildFile; fileRef = 2539489629FD41590004D086 /* HTTPHeader.swift */; };
		2539489929FD418E0004D086 /* HTTPHeaders.swift in Sources */ = {isa = PBXBuildFile; fileRef = 2539489829FD418E0004D086 /* HTTPHeaders.swift */; };
		2539489B29FD426D0004D086 /* HTTPMethod.swift in Sources */ = {isa = PBXBuildFile; fileRef = 2539489A29FD426D0004D086 /* HTTPMethod.swift */; };
		2539489D29FD436E0004D086 /* ParameterEncoding.swift in Sources */ = {isa = PBXBuildFile; fileRef = 2539489C29FD436E0004D086 /* ParameterEncoding.swift */; };
/* End PBXBuildFile section */

/* Begin PBXContainerItemProxy section */
		2539488729FD37640004D086 /* PBXContainerItemProxy */ = {
			isa = PBXContainerItemProxy;
			containerPortal = 2539487229FD37640004D086 /* Project object */;
			proxyType = 1;
			remoteGlobalIDString = 2539487A29FD37640004D086;
			remoteInfo = LeoNetworking;
		};
/* End PBXContainerItemProxy section */

/* Begin PBXFileReference section */
		2539487B29FD37640004D086 /* LeoNetworking.framework */ = {isa = PBXFileReference; explicitFileType = wrapper.framework; includeInIndex = 0; path = LeoNetworking.framework; sourceTree = BUILT_PRODUCTS_DIR; };
		2539487E29FD37640004D086 /* LeoNetworking.h */ = {isa = PBXFileReference; lastKnownFileType = sourcecode.c.h; path = LeoNetworking.h; sourceTree = "<group>"; };
		2539487F29FD37640004D086 /* LeoNetworking.docc */ = {isa = PBXFileReference; lastKnownFileType = folder.documentationcatalog; path = LeoNetworking.docc; sourceTree = "<group>"; };
		2539488529FD37640004D086 /* LeoNetworkingTests.xctest */ = {isa = PBXFileReference; explicitFileType = wrapper.cfbundle; includeInIndex = 0; path = LeoNetworkingTests.xctest; sourceTree = BUILT_PRODUCTS_DIR; };
		2539488A29FD37640004D086 /* LeoNetworkingTests.swift */ = {isa = PBXFileReference; lastKnownFileType = sourcecode.swift; path = LeoNetworkingTests.swift; sourceTree = "<group>"; };
		2539489629FD41590004D086 /* HTTPHeader.swift */ = {isa = PBXFileReference; lastKnownFileType = sourcecode.swift; path = HTTPHeader.swift; sourceTree = "<group>"; };
		2539489829FD418E0004D086 /* HTTPHeaders.swift */ = {isa = PBXFileReference; lastKnownFileType = sourcecode.swift; path = HTTPHeaders.swift; sourceTree = "<group>"; };
		2539489A29FD426D0004D086 /* HTTPMethod.swift */ = {isa = PBXFileReference; lastKnownFileType = sourcecode.swift; path = HTTPMethod.swift; sourceTree = "<group>"; };
		2539489C29FD436E0004D086 /* ParameterEncoding.swift */ = {isa = PBXFileReference; lastKnownFileType = sourcecode.swift; path = ParameterEncoding.swift; sourceTree = "<group>"; };
/* End PBXFileReference section */

/* Begin PBXFrameworksBuildPhase section */
		2539487829FD37640004D086 /* Frameworks */ = {
			isa = PBXFrameworksBuildPhase;
			buildActionMask = 2147483647;
			files = (
			);
			runOnlyForDeploymentPostprocessing = 0;
		};
		2539488229FD37640004D086 /* Frameworks */ = {
			isa = PBXFrameworksBuildPhase;
			buildActionMask = 2147483647;
			files = (
				2539488629FD37640004D086 /* LeoNetworking.framework in Frameworks */,
			);
			runOnlyForDeploymentPostprocessing = 0;
		};
/* End PBXFrameworksBuildPhase section */

/* Begin PBXGroup section */
		2539487129FD37640004D086 = {
			isa = PBXGroup;
			children = (
				2539487D29FD37640004D086 /* LeoNetworking */,
				2539488929FD37640004D086 /* LeoNetworkingTests */,
				2539487C29FD37640004D086 /* Products */,
			);
			sourceTree = "<group>";
		};
		2539487C29FD37640004D086 /* Products */ = {
			isa = PBXGroup;
			children = (
				2539487B29FD37640004D086 /* LeoNetworking.framework */,
				2539488529FD37640004D086 /* LeoNetworkingTests.xctest */,
			);
			name = Products;
			sourceTree = "<group>";
		};
		2539487D29FD37640004D086 /* LeoNetworking */ = {
			isa = PBXGroup;
			children = (
				2539487E29FD37640004D086 /* LeoNetworking.h */,
				2539489529FD41490004D086 /* HTTP */,
				2539487F29FD37640004D086 /* LeoNetworking.docc */,
			);
			path = LeoNetworking;
			sourceTree = "<group>";
		};
		2539488929FD37640004D086 /* LeoNetworkingTests */ = {
			isa = PBXGroup;
			children = (
				2539488A29FD37640004D086 /* LeoNetworkingTests.swift */,
			);
			path = LeoNetworkingTests;
			sourceTree = "<group>";
		};
		2539489529FD41490004D086 /* HTTP */ = {
			isa = PBXGroup;
			children = (
				2539489629FD41590004D086 /* HTTPHeader.swift */,
				2539489829FD418E0004D086 /* HTTPHeaders.swift */,
				2539489A29FD426D0004D086 /* HTTPMethod.swift */,
				2539489C29FD436E0004D086 /* ParameterEncoding.swift */,
			);
			path = HTTP;
			sourceTree = "<group>";
		};
/* End PBXGroup section */

/* Begin PBXHeadersBuildPhase section */
		2539487629FD37640004D086 /* Headers */ = {
			isa = PBXHeadersBuildPhase;
			buildActionMask = 2147483647;
			files = (
				2539488C29FD37640004D086 /* LeoNetworking.h in Headers */,
			);
			runOnlyForDeploymentPostprocessing = 0;
		};
/* End PBXHeadersBuildPhase section */

/* Begin PBXNativeTarget section */
		2539487A29FD37640004D086 /* LeoNetworking */ = {
			isa = PBXNativeTarget;
			buildConfigurationList = 2539488F29FD37640004D086 /* Build configuration list for PBXNativeTarget "LeoNetworking" */;
			buildPhases = (
				2539487629FD37640004D086 /* Headers */,
				2539487729FD37640004D086 /* Sources */,
				2539487829FD37640004D086 /* Frameworks */,
				2539487929FD37640004D086 /* Resources */,
			);
			buildRules = (
			);
			dependencies = (
			);
			name = LeoNetworking;
			productName = LeoNetworking;
			productReference = 2539487B29FD37640004D086 /* LeoNetworking.framework */;
			productType = "com.apple.product-type.framework";
		};
		2539488429FD37640004D086 /* LeoNetworkingTests */ = {
			isa = PBXNativeTarget;
			buildConfigurationList = 2539489229FD37640004D086 /* Build configuration list for PBXNativeTarget "LeoNetworkingTests" */;
			buildPhases = (
				2539488129FD37640004D086 /* Sources */,
				2539488229FD37640004D086 /* Frameworks */,
				2539488329FD37640004D086 /* Resources */,
			);
			buildRules = (
			);
			dependencies = (
				2539488829FD37640004D086 /* PBXTargetDependency */,
			);
			name = LeoNetworkingTests;
			productName = LeoNetworkingTests;
			productReference = 2539488529FD37640004D086 /* LeoNetworkingTests.xctest */;
			productType = "com.apple.product-type.bundle.unit-test";
		};
/* End PBXNativeTarget section */

/* Begin PBXProject section */
		2539487229FD37640004D086 /* Project object */ = {
			isa = PBXProject;
			attributes = {
				BuildIndependentTargetsInParallel = 1;
				LastSwiftUpdateCheck = 1340;
				LastUpgradeCheck = 1340;
				TargetAttributes = {
					2539487A29FD37640004D086 = {
						CreatedOnToolsVersion = 13.4.1;
					};
					2539488429FD37640004D086 = {
						CreatedOnToolsVersion = 13.4.1;
					};
				};
			};
			buildConfigurationList = 2539487529FD37640004D086 /* Build configuration list for PBXProject "LeoNetworking" */;
			compatibilityVersion = "Xcode 13.0";
			developmentRegion = en;
			hasScannedForEncodings = 0;
			knownRegions = (
				en,
				Base,
			);
			mainGroup = 2539487129FD37640004D086;
			productRefGroup = 2539487C29FD37640004D086 /* Products */;
			projectDirPath = "";
			projectRoot = "";
			targets = (
				2539487A29FD37640004D086 /* LeoNetworking */,
				2539488429FD37640004D086 /* LeoNetworkingTests */,
			);
		};
/* End PBXProject section */

/* Begin PBXResourcesBuildPhase section */
		2539487929FD37640004D086 /* Resources */ = {
			isa = PBXResourcesBuildPhase;
			buildActionMask = 2147483647;
			files = (
			);
			runOnlyForDeploymentPostprocessing = 0;
		};
		2539488329FD37640004D086 /* Resources */ = {
			isa = PBXResourcesBuildPhase;
			buildActionMask = 2147483647;
			files = (
			);
			runOnlyForDeploymentPostprocessing = 0;
		};
/* End PBXResourcesBuildPhase section */

/* Begin PBXSourcesBuildPhase section */
		2539487729FD37640004D086 /* Sources */ = {
			isa = PBXSourcesBuildPhase;
			buildActionMask = 2147483647;
			files = (
				2539489B29FD426D0004D086 /* HTTPMethod.swift in Sources */,
				2539489929FD418E0004D086 /* HTTPHeaders.swift in Sources */,
				2539489D29FD436E0004D086 /* ParameterEncoding.swift in Sources */,
				2539489729FD41590004D086 /* HTTPHeader.swift in Sources */,
				2539488029FD37640004D086 /* LeoNetworking.docc in Sources */,
			);
			runOnlyForDeploymentPostprocessing = 0;
		};
		2539488129FD37640004D086 /* Sources */ = {
			isa = PBXSourcesBuildPhase;
			buildActionMask = 2147483647;
			files = (
				2539488B29FD37640004D086 /* LeoNetworkingTests.swift in Sources */,
			);
			runOnlyForDeploymentPostprocessing = 0;
		};
/* End PBXSourcesBuildPhase section */

/* Begin PBXTargetDependency section */
		2539488829FD37640004D086 /* PBXTargetDependency */ = {
			isa = PBXTargetDependency;
			target = 2539487A29FD37640004D086 /* LeoNetworking */;
			targetProxy = 2539488729FD37640004D086 /* PBXContainerItemProxy */;
		};
/* End PBXTargetDependency section */

/* Begin XCBuildConfiguration section */
		2539488D29FD37640004D086 /* Debug */ = {
			isa = XCBuildConfiguration;
			buildSettings = {
				ALWAYS_SEARCH_USER_PATHS = NO;
				BUILD_LIBRARY_FOR_DISTRIBUTION = YES;
				CLANG_ANALYZER_NONNULL = YES;
				CLANG_ANALYZER_NUMBER_OBJECT_CONVERSION = YES_AGGRESSIVE;
				CLANG_CXX_LANGUAGE_STANDARD = "gnu++17";
				CLANG_ENABLE_MODULES = YES;
				CLANG_ENABLE_OBJC_ARC = YES;
				CLANG_ENABLE_OBJC_WEAK = YES;
				CLANG_WARN_BLOCK_CAPTURE_AUTORELEASING = YES;
				CLANG_WARN_BOOL_CONVERSION = YES;
				CLANG_WARN_COMMA = YES;
				CLANG_WARN_CONSTANT_CONVERSION = YES;
				CLANG_WARN_DEPRECATED_OBJC_IMPLEMENTATIONS = YES;
				CLANG_WARN_DIRECT_OBJC_ISA_USAGE = YES_ERROR;
				CLANG_WARN_DOCUMENTATION_COMMENTS = YES;
				CLANG_WARN_EMPTY_BODY = YES;
				CLANG_WARN_ENUM_CONVERSION = YES;
				CLANG_WARN_INFINITE_RECURSION = YES;
				CLANG_WARN_INT_CONVERSION = YES;
				CLANG_WARN_NON_LITERAL_NULL_CONVERSION = YES;
				CLANG_WARN_OBJC_IMPLICIT_RETAIN_SELF = YES;
				CLANG_WARN_OBJC_LITERAL_CONVERSION = YES;
				CLANG_WARN_OBJC_ROOT_CLASS = YES_ERROR;
				CLANG_WARN_QUOTED_INCLUDE_IN_FRAMEWORK_HEADER = YES;
				CLANG_WARN_RANGE_LOOP_ANALYSIS = YES;
				CLANG_WARN_STRICT_PROTOTYPES = YES;
				CLANG_WARN_SUSPICIOUS_MOVE = YES;
				CLANG_WARN_UNGUARDED_AVAILABILITY = YES_AGGRESSIVE;
				CLANG_WARN_UNREACHABLE_CODE = YES;
				CLANG_WARN__DUPLICATE_METHOD_MATCH = YES;
				COPY_PHASE_STRIP = NO;
				CURRENT_PROJECT_VERSION = 1;
				DEBUG_INFORMATION_FORMAT = dwarf;
				ENABLE_STRICT_OBJC_MSGSEND = YES;
				ENABLE_TESTABILITY = YES;
				GCC_C_LANGUAGE_STANDARD = gnu11;
				GCC_DYNAMIC_NO_PIC = NO;
				GCC_NO_COMMON_BLOCKS = YES;
				GCC_OPTIMIZATION_LEVEL = 0;
				GCC_PREPROCESSOR_DEFINITIONS = (
					"DEBUG=1",
					"$(inherited)",
				);
				GCC_WARN_64_TO_32_BIT_CONVERSION = YES;
				GCC_WARN_ABOUT_RETURN_TYPE = YES_ERROR;
				GCC_WARN_UNDECLARED_SELECTOR = YES;
				GCC_WARN_UNINITIALIZED_AUTOS = YES_AGGRESSIVE;
				GCC_WARN_UNUSED_FUNCTION = YES;
				GCC_WARN_UNUSED_VARIABLE = YES;
				IPHONEOS_DEPLOYMENT_TARGET = 15.5;
				MTL_ENABLE_DEBUG_INFO = INCLUDE_SOURCE;
				MTL_FAST_MATH = YES;
				ONLY_ACTIVE_ARCH = YES;
				SDKROOT = iphoneos;
				SWIFT_ACTIVE_COMPILATION_CONDITIONS = DEBUG;
				SWIFT_OPTIMIZATION_LEVEL = "-Onone";
				VERSIONING_SYSTEM = "apple-generic";
				VERSION_INFO_PREFIX = "";
			};
			name = Debug;
		};
		2539488E29FD37640004D086 /* Release */ = {
			isa = XCBuildConfiguration;
			buildSettings = {
				ALWAYS_SEARCH_USER_PATHS = NO;
				BUILD_LIBRARY_FOR_DISTRIBUTION = YES;
				CLANG_ANALYZER_NONNULL = YES;
				CLANG_ANALYZER_NUMBER_OBJECT_CONVERSION = YES_AGGRESSIVE;
				CLANG_CXX_LANGUAGE_STANDARD = "gnu++17";
				CLANG_ENABLE_MODULES = YES;
				CLANG_ENABLE_OBJC_ARC = YES;
				CLANG_ENABLE_OBJC_WEAK = YES;
				CLANG_WARN_BLOCK_CAPTURE_AUTORELEASING = YES;
				CLANG_WARN_BOOL_CONVERSION = YES;
				CLANG_WARN_COMMA = YES;
				CLANG_WARN_CONSTANT_CONVERSION = YES;
				CLANG_WARN_DEPRECATED_OBJC_IMPLEMENTATIONS = YES;
				CLANG_WARN_DIRECT_OBJC_ISA_USAGE = YES_ERROR;
				CLANG_WARN_DOCUMENTATION_COMMENTS = YES;
				CLANG_WARN_EMPTY_BODY = YES;
				CLANG_WARN_ENUM_CONVERSION = YES;
				CLANG_WARN_INFINITE_RECURSION = YES;
				CLANG_WARN_INT_CONVERSION = YES;
				CLANG_WARN_NON_LITERAL_NULL_CONVERSION = YES;
				CLANG_WARN_OBJC_IMPLICIT_RETAIN_SELF = YES;
				CLANG_WARN_OBJC_LITERAL_CONVERSION = YES;
				CLANG_WARN_OBJC_ROOT_CLASS = YES_ERROR;
				CLANG_WARN_QUOTED_INCLUDE_IN_FRAMEWORK_HEADER = YES;
				CLANG_WARN_RANGE_LOOP_ANALYSIS = YES;
				CLANG_WARN_STRICT_PROTOTYPES = YES;
				CLANG_WARN_SUSPICIOUS_MOVE = YES;
				CLANG_WARN_UNGUARDED_AVAILABILITY = YES_AGGRESSIVE;
				CLANG_WARN_UNREACHABLE_CODE = YES;
				CLANG_WARN__DUPLICATE_METHOD_MATCH = YES;
				COPY_PHASE_STRIP = NO;
				CURRENT_PROJECT_VERSION = 1;
				DEBUG_INFORMATION_FORMAT = "dwarf-with-dsym";
				ENABLE_NS_ASSERTIONS = NO;
				ENABLE_STRICT_OBJC_MSGSEND = YES;
				GCC_C_LANGUAGE_STANDARD = gnu11;
				GCC_NO_COMMON_BLOCKS = YES;
				GCC_WARN_64_TO_32_BIT_CONVERSION = YES;
				GCC_WARN_ABOUT_RETURN_TYPE = YES_ERROR;
				GCC_WARN_UNDECLARED_SELECTOR = YES;
				GCC_WARN_UNINITIALIZED_AUTOS = YES_AGGRESSIVE;
				GCC_WARN_UNUSED_FUNCTION = YES;
				GCC_WARN_UNUSED_VARIABLE = YES;
				IPHONEOS_DEPLOYMENT_TARGET = 15.5;
				MTL_ENABLE_DEBUG_INFO = NO;
				MTL_FAST_MATH = YES;
				SDKROOT = iphoneos;
				SWIFT_COMPILATION_MODE = wholemodule;
				SWIFT_OPTIMIZATION_LEVEL = "-O";
				VALIDATE_PRODUCT = YES;
				VERSIONING_SYSTEM = "apple-generic";
				VERSION_INFO_PREFIX = "";
			};
			name = Release;
		};
		2539489029FD37640004D086 /* Debug */ = {
			isa = XCBuildConfiguration;
			buildSettings = {
				BUILD_LIBRARY_FOR_DISTRIBUTION = YES;
				CODE_SIGN_STYLE = Automatic;
				CURRENT_PROJECT_VERSION = 1;
				DEFINES_MODULE = YES;
				DYLIB_COMPATIBILITY_VERSION = 1;
				DYLIB_CURRENT_VERSION = 1;
				DYLIB_INSTALL_NAME_BASE = "@rpath";
				GENERATE_INFOPLIST_FILE = YES;
				INFOPLIST_KEY_NSHumanReadableCopyright = "";
				INSTALL_PATH = "$(LOCAL_LIBRARY_DIR)/Frameworks";
				LD_RUNPATH_SEARCH_PATHS = (
					"$(inherited)",
					"@executable_path/Frameworks",
					"@loader_path/Frameworks",
				);
				MARKETING_VERSION = 1.0;
				PRODUCT_BUNDLE_IDENTIFIER = com.cankurtur.LeoNetworking;
				PRODUCT_NAME = "$(TARGET_NAME:c99extidentifier)";
				SKIP_INSTALL = YES;
				SWIFT_EMIT_LOC_STRINGS = YES;
				SWIFT_VERSION = 5.0;
				TARGETED_DEVICE_FAMILY = "1,2";
			};
			name = Debug;
		};
		2539489129FD37640004D086 /* Release */ = {
			isa = XCBuildConfiguration;
			buildSettings = {
				BUILD_LIBRARY_FOR_DISTRIBUTION = YES;
				CODE_SIGN_STYLE = Automatic;
				CURRENT_PROJECT_VERSION = 1;
				DEFINES_MODULE = YES;
				DYLIB_COMPATIBILITY_VERSION = 1;
				DYLIB_CURRENT_VERSION = 1;
				DYLIB_INSTALL_NAME_BASE = "@rpath";
				GENERATE_INFOPLIST_FILE = YES;
				INFOPLIST_KEY_NSHumanReadableCopyright = "";
				INSTALL_PATH = "$(LOCAL_LIBRARY_DIR)/Frameworks";
				LD_RUNPATH_SEARCH_PATHS = (
					"$(inherited)",
					"@executable_path/Frameworks",
					"@loader_path/Frameworks",
				);
				MARKETING_VERSION = 1.0;
				PRODUCT_BUNDLE_IDENTIFIER = com.cankurtur.LeoNetworking;
				PRODUCT_NAME = "$(TARGET_NAME:c99extidentifier)";
				SKIP_INSTALL = YES;
				SWIFT_EMIT_LOC_STRINGS = YES;
				SWIFT_VERSION = 5.0;
				TARGETED_DEVICE_FAMILY = "1,2";
			};
			name = Release;
		};
		2539489329FD37640004D086 /* Debug */ = {
			isa = XCBuildConfiguration;
			buildSettings = {
				ALWAYS_EMBED_SWIFT_STANDARD_LIBRARIES = YES;
				CODE_SIGN_STYLE = Automatic;
				CURRENT_PROJECT_VERSION = 1;
				GENERATE_INFOPLIST_FILE = YES;
				MARKETING_VERSION = 1.0;
				PRODUCT_BUNDLE_IDENTIFIER = com.cankurtur.LeoNetworkingTests;
				PRODUCT_NAME = "$(TARGET_NAME)";
				SWIFT_EMIT_LOC_STRINGS = NO;
				SWIFT_VERSION = 5.0;
				TARGETED_DEVICE_FAMILY = "1,2";
			};
			name = Debug;
		};
		2539489429FD37640004D086 /* Release */ = {
			isa = XCBuildConfiguration;
			buildSettings = {
				ALWAYS_EMBED_SWIFT_STANDARD_LIBRARIES = YES;
				CODE_SIGN_STYLE = Automatic;
				CURRENT_PROJECT_VERSION = 1;
				GENERATE_INFOPLIST_FILE = YES;
				MARKETING_VERSION = 1.0;
				PRODUCT_BUNDLE_IDENTIFIER = com.cankurtur.LeoNetworkingTests;
				PRODUCT_NAME = "$(TARGET_NAME)";
				SWIFT_EMIT_LOC_STRINGS = NO;
				SWIFT_VERSION = 5.0;
				TARGETED_DEVICE_FAMILY = "1,2";
			};
			name = Release;
		};
/* End XCBuildConfiguration section */

/* Begin XCConfigurationList section */
		2539487529FD37640004D086 /* Build configuration list for PBXProject "LeoNetworking" */ = {
			isa = XCConfigurationList;
			buildConfigurations = (
				2539488D29FD37640004D086 /* Debug */,
				2539488E29FD37640004D086 /* Release */,
			);
			defaultConfigurationIsVisible = 0;
			defaultConfigurationName = Release;
		};
		2539488F29FD37640004D086 /* Build configuration list for PBXNativeTarget "LeoNetworking" */ = {
			isa = XCConfigurationList;
			buildConfigurations = (
				2539489029FD37640004D086 /* Debug */,
				2539489129FD37640004D086 /* Release */,
			);
			defaultConfigurationIsVisible = 0;
			defaultConfigurationName = Release;
		};
		2539489229FD37640004D086 /* Build configuration list for PBXNativeTarget "LeoNetworkingTests" */ = {
			isa = XCConfigurationList;
			buildConfigurations = (
				2539489329FD37640004D086 /* Debug */,
				2539489429FD37640004D086 /* Release */,
			);
			defaultConfigurationIsVisible = 0;
			defaultConfigurationName = Release;
		};
/* End XCConfigurationList section */
	};
	rootObject = 2539487229FD37640004D086 /* Project object */;
}
